
Microsoft Visual Studio Solution File, Format Version 12.00
# Visual Studio Version 16
VisualStudioVersion = 16.0.31729.503
MinimumVisualStudioVersion = 10.0.40219.1
Project("{FAE04EC0-301F-11D3-BF4B-00C04F79EFBC}") = "MultiTenancyAzureAD.Main", "MultiTenancyAzureAD.Main.csproj", "{BE4B23BC-128E-4993-B1A3-25E5D75914C8}"
EndProject
Project("{FAE04EC0-301F-11D3-BF4B-00C04F79EFBC}") = "MultipleTenancyAzureAD.Data", "..\MultipleTenancyAzureAD.Data\MultipleTenancyAzureAD.Data.csproj", "{182BDE55-E5FF-4892-9637-6AB63936F184}"
EndProject
Project("{FAE04EC0-301F-11D3-BF4B-00C04F79EFBC}") = "MultipleTenancyAzureAD.Core", "..\MultipleTenancyAzureAD.Core\MultipleTenancyAzureAD.Core.csproj", "{35245CBE-B731-4E16-AFEC-AAD6961141EB}"
EndProject
Global
	GlobalSection(SolutionConfigurationPlatforms) = preSolution
		Debug|Any CPU = Debug|Any CPU
		Release|Any CPU = Release|Any CPU
	EndGlobalSection
	GlobalSection(ProjectConfigurationPlatforms) = postSolution
		{BE4B23BC-128E-4993-B1A3-25E5D75914C8}.Debug|Any CPU.ActiveCfg = Debug|Any CPU
		{BE4B23BC-128E-4993-B1A3-25E5D75914C8}.Debug|Any CPU.Build.0 = Debug|Any CPU
		{BE4B23BC-128E-4993-B1A3-25E5D75914C8}.Release|Any CPU.ActiveCfg = Release|Any CPU
		{BE4B23BC-128E-4993-B1A3-25E5D75914C8}.Release|Any CPU.Build.0 = Release|Any CPU
		{182BDE55-E5FF-4892-9637-6AB63936F184}.Debug|Any CPU.ActiveCfg = Debug|Any CPU
		{182BDE55-E5FF-4892-9637-6AB63936F184}.Debug|Any CPU.Build.0 = Debug|Any CPU
		{182BDE55-E5FF-4892-9637-6AB63936F184}.Release|Any CPU.ActiveCfg = Release|Any CPU
		{182BDE55-E5FF-4892-9637-6AB63936F184}.Release|Any CPU.Build.0 = Release|Any CPU
		{35245CBE-B731-4E16-AFEC-AAD6961141EB}.Debug|Any CPU.ActiveCfg = Debug|Any CPU
		{35245CBE-B731-4E16-AFEC-AAD6961141EB}.Debug|Any CPU.Build.0 = Debug|Any CPU
		{35245CBE-B731-4E16-AFEC-AAD6961141EB}.Release|Any CPU.ActiveCfg = Release|Any CPU
		{35245CBE-B731-4E16-AFEC-AAD6961141EB}.Release|Any CPU.Build.0 = Release|Any CPU
	EndGlobalSection
	GlobalSection(SolutionProperties) = preSolution
		HideSolutionNode = FALSE
	EndGlobalSection
	GlobalSection(ExtensibilityGlobals) = postSolution
		SolutionGuid = {30A8004D-EEC8-41C4-A2A9-5005AFAEE35F}
	EndGlobalSection
EndGlobal
